
Microsoft Visual Studio Solution File, Format Version 12.00
# Visual Studio Version 17
VisualStudioVersion = 17.10.34916.146
MinimumVisualStudioVersion = 10.0.40219.1
Project("{FAE04EC0-301F-11D3-BF4B-00C04F79EFBC}") = "Uni.API", "Uni.API\Uni.API.csproj", "{2EB79957-7916-4EEB-8E21-A6A83AC4E645}"
EndProject
Project("{FAE04EC0-301F-11D3-BF4B-00C04F79EFBC}") = "Uni.Core", "Uni.Core\Uni.Core.csproj", "{A8713EA5-F23D-495B-BAA1-D513BFBB60B8}"
EndProject
Project("{FAE04EC0-301F-11D3-BF4B-00C04F79EFBC}") = "Uni.Data", "Uni.Data\Uni.Data.csproj", "{82478142-001C-4BFB-90A4-83198D8D542B}"
EndProject
Global
	GlobalSection(SolutionConfigurationPlatforms) = preSolution
		Debug|Any CPU = Debug|Any CPU
		Release|Any CPU = Release|Any CPU
	EndGlobalSection
	GlobalSection(ProjectConfigurationPlatforms) = postSolution
		{2EB79957-7916-4EEB-8E21-A6A83AC4E645}.Debug|Any CPU.ActiveCfg = Debug|Any CPU
		{2EB79957-7916-4EEB-8E21-A6A83AC4E645}.Debug|Any CPU.Build.0 = Debug|Any CPU
		{2EB79957-7916-4EEB-8E21-A6A83AC4E645}.Release|Any CPU.ActiveCfg = Release|Any CPU
		{2EB79957-7916-4EEB-8E21-A6A83AC4E645}.Release|Any CPU.Build.0 = Release|Any CPU
		{A8713EA5-F23D-495B-BAA1-D513BFBB60B8}.Debug|Any CPU.ActiveCfg = Debug|Any CPU
		{A8713EA5-F23D-495B-BAA1-D513BFBB60B8}.Debug|Any CPU.Build.0 = Debug|Any CPU
		{A8713EA5-F23D-495B-BAA1-D513BFBB60B8}.Release|Any CPU.ActiveCfg = Release|Any CPU
		{A8713EA5-F23D-495B-BAA1-D513BFBB60B8}.Release|Any CPU.Build.0 = Release|Any CPU
		{82478142-001C-4BFB-90A4-83198D8D542B}.Debug|Any CPU.ActiveCfg = Debug|Any CPU
		{82478142-001C-4BFB-90A4-83198D8D542B}.Debug|Any CPU.Build.0 = Debug|Any CPU
		{82478142-001C-4BFB-90A4-83198D8D542B}.Release|Any CPU.ActiveCfg = Release|Any CPU
		{82478142-001C-4BFB-90A4-83198D8D542B}.Release|Any CPU.Build.0 = Release|Any CPU
	EndGlobalSection
	GlobalSection(SolutionProperties) = preSolution
		HideSolutionNode = FALSE
	EndGlobalSection
	GlobalSection(ExtensibilityGlobals) = postSolution
		SolutionGuid = {3EF5CF5E-3A2B-4F59-9D85-EADEB78D4985}
	EndGlobalSection
EndGlobal
